
Microsoft Visual Studio Solution File, Format Version 12.00
# Visual Studio Version 16
VisualStudioVersion = 16.0.31729.503
MinimumVisualStudioVersion = 10.0.40219.1
Project("{8BC9CEB8-8B4A-11D0-8D11-00A0C91BC942}") = "01. Gram", "01. Gram\01. Gram.vcxproj", "{9CED750C-16B2-45FC-9A47-2576F3808EFF}"
EndProject
Project("{8BC9CEB8-8B4A-11D0-8D11-00A0C91BC942}") = "Etc. assignment", "Etc. assignment\Etc. assignment.vcxproj", "{DB58F5F9-3145-48EE-A6CA-7FA62BAF063D}"
EndProject
Project("{8BC9CEB8-8B4A-11D0-8D11-00A0C91BC942}") = "02. Rock Paper Scissors", "02. Rock Paper Scissors\02. Rock Paper Scissors.vcxproj", "{71D72A59-18A8-4FC8-8D2C-921B42EE27D4}"
EndProject
Project("{8BC9CEB8-8B4A-11D0-8D11-00A0C91BC942}") = "03. Lotto", "03. Lotto\03. Lotto.vcxproj", "{211239AC-4AF5-4EBF-A5E5-9453B8B0C952}"
EndProject
Project("{8BC9CEB8-8B4A-11D0-8D11-00A0C91BC942}") = "04. Puzzle", "04. Puzzle\04. Puzzle.vcxproj", "{6EBD99AA-2BD4-4AFE-BD6D-555ABCCC81B7}"
EndProject
Project("{8BC9CEB8-8B4A-11D0-8D11-00A0C91BC942}") = "05. Baseball", "05. Baseball\05. Baseball.vcxproj", "{7D1FFA01-1B00-4855-9731-C3091A6CF191}"
EndProject
Project("{8BC9CEB8-8B4A-11D0-8D11-00A0C91BC942}") = "06. Bingo", "06. Bingo\06. Bingo.vcxproj", "{91BE647C-9264-44BB-9933-9E62A1450009}"
EndProject
Project("{8BC9CEB8-8B4A-11D0-8D11-00A0C91BC942}") = "07. Student Management", "07. Student Management\07. Student Management.vcxproj", "{FB975677-E4AD-4B73-AD3D-1E6DDD0F0931}"
EndProject
Project("{8BC9CEB8-8B4A-11D0-8D11-00A0C91BC942}") = "08. Pokemon", "08. Pokemon\08. Pokemon.vcxproj", "{C3923435-746C-434D-A26C-8B659D002D33}"
EndProject
Project("{8BC9CEB8-8B4A-11D0-8D11-00A0C91BC942}") = "09. Convert", "09. Convert\09. Convert.vcxproj", "{B050270E-5ABB-4DD8-9D42-A8875C44EF4A}"
EndProject
Global
	GlobalSection(SolutionConfigurationPlatforms) = preSolution
		Debug|x64 = Debug|x64
		Debug|x86 = Debug|x86
		Release|x64 = Release|x64
		Release|x86 = Release|x86
	EndGlobalSection
	GlobalSection(ProjectConfigurationPlatforms) = postSolution
		{9CED750C-16B2-45FC-9A47-2576F3808EFF}.Debug|x64.ActiveCfg = Debug|x64
		{9CED750C-16B2-45FC-9A47-2576F3808EFF}.Debug|x64.Build.0 = Debug|x64
		{9CED750C-16B2-45FC-9A47-2576F3808EFF}.Debug|x86.ActiveCfg = Debug|Win32
		{9CED750C-16B2-45FC-9A47-2576F3808EFF}.Debug|x86.Build.0 = Debug|Win32
		{9CED750C-16B2-45FC-9A47-2576F3808EFF}.Release|x64.ActiveCfg = Release|x64
		{9CED750C-16B2-45FC-9A47-2576F3808EFF}.Release|x64.Build.0 = Release|x64
		{9CED750C-16B2-45FC-9A47-2576F3808EFF}.Release|x86.ActiveCfg = Release|Win32
		{9CED750C-16B2-45FC-9A47-2576F3808EFF}.Release|x86.Build.0 = Release|Win32
		{DB58F5F9-3145-48EE-A6CA-7FA62BAF063D}.Debug|x64.ActiveCfg = Debug|x64
		{DB58F5F9-3145-48EE-A6CA-7FA62BAF063D}.Debug|x64.Build.0 = Debug|x64
		{DB58F5F9-3145-48EE-A6CA-7FA62BAF063D}.Debug|x86.ActiveCfg = Debug|Win32
		{DB58F5F9-3145-48EE-A6CA-7FA62BAF063D}.Debug|x86.Build.0 = Debug|Win32
		{DB58F5F9-3145-48EE-A6CA-7FA62BAF063D}.Release|x64.ActiveCfg = Release|x64
		{DB58F5F9-3145-48EE-A6CA-7FA62BAF063D}.Release|x64.Build.0 = Release|x64
		{DB58F5F9-3145-48EE-A6CA-7FA62BAF063D}.Release|x86.ActiveCfg = Release|Win32
		{DB58F5F9-3145-48EE-A6CA-7FA62BAF063D}.Release|x86.Build.0 = Release|Win32
		{71D72A59-18A8-4FC8-8D2C-921B42EE27D4}.Debug|x64.ActiveCfg = Debug|x64
		{71D72A59-18A8-4FC8-8D2C-921B42EE27D4}.Debug|x64.Build.0 = Debug|x64
		{71D72A59-18A8-4FC8-8D2C-921B42EE27D4}.Debug|x86.ActiveCfg = Debug|Win32
		{71D72A59-18A8-4FC8-8D2C-921B42EE27D4}.Debug|x86.Build.0 = Debug|Win32
		{71D72A59-18A8-4FC8-8D2C-921B42EE27D4}.Release|x64.ActiveCfg = Release|x64
		{71D72A59-18A8-4FC8-8D2C-921B42EE27D4}.Release|x64.Build.0 = Release|x64
		{71D72A59-18A8-4FC8-8D2C-921B42EE27D4}.Release|x86.ActiveCfg = Release|Win32
		{71D72A59-18A8-4FC8-8D2C-921B42EE27D4}.Release|x86.Build.0 = Release|Win32
		{211239AC-4AF5-4EBF-A5E5-9453B8B0C952}.Debug|x64.ActiveCfg = Debug|x64
		{211239AC-4AF5-4EBF-A5E5-9453B8B0C952}.Debug|x64.Build.0 = Debug|x64
		{211239AC-4AF5-4EBF-A5E5-9453B8B0C952}.Debug|x86.ActiveCfg = Debug|Win32
		{211239AC-4AF5-4EBF-A5E5-9453B8B0C952}.Debug|x86.Build.0 = Debug|Win32
		{211239AC-4AF5-4EBF-A5E5-9453B8B0C952}.Release|x64.ActiveCfg = Release|x64
		{211239AC-4AF5-4EBF-A5E5-9453B8B0C952}.Release|x64.Build.0 = Release|x64
		{211239AC-4AF5-4EBF-A5E5-9453B8B0C952}.Release|x86.ActiveCfg = Release|Win32
		{211239AC-4AF5-4EBF-A5E5-9453B8B0C952}.Release|x86.Build.0 = Release|Win32
		{6EBD99AA-2BD4-4AFE-BD6D-555ABCCC81B7}.Debug|x64.ActiveCfg = Debug|x64
		{6EBD99AA-2BD4-4AFE-BD6D-555ABCCC81B7}.Debug|x64.Build.0 = Debug|x64
		{6EBD99AA-2BD4-4AFE-BD6D-555ABCCC81B7}.Debug|x86.ActiveCfg = Debug|Win32
		{6EBD99AA-2BD4-4AFE-BD6D-555ABCCC81B7}.Debug|x86.Build.0 = Debug|Win32
		{6EBD99AA-2BD4-4AFE-BD6D-555ABCCC81B7}.Release|x64.ActiveCfg = Release|x64
		{6EBD99AA-2BD4-4AFE-BD6D-555ABCCC81B7}.Release|x64.Build.0 = Release|x64
		{6EBD99AA-2BD4-4AFE-BD6D-555ABCCC81B7}.Release|x86.ActiveCfg = Release|Win32
		{6EBD99AA-2BD4-4AFE-BD6D-555ABCCC81B7}.Release|x86.Build.0 = Release|Win32
		{7D1FFA01-1B00-4855-9731-C3091A6CF191}.Debug|x64.ActiveCfg = Debug|x64
		{7D1FFA01-1B00-4855-9731-C3091A6CF191}.Debug|x64.Build.0 = Debug|x64
		{7D1FFA01-1B00-4855-9731-C3091A6CF191}.Debug|x86.ActiveCfg = Debug|Win32
		{7D1FFA01-1B00-4855-9731-C3091A6CF191}.Debug|x86.Build.0 = Debug|Win32
		{7D1FFA01-1B00-4855-9731-C3091A6CF191}.Release|x64.ActiveCfg = Release|x64
		{7D1FFA01-1B00-4855-9731-C3091A6CF191}.Release|x64.Build.0 = Release|x64
		{7D1FFA01-1B00-4855-9731-C3091A6CF191}.Release|x86.ActiveCfg = Release|Win32
		{7D1FFA01-1B00-4855-9731-C3091A6CF191}.Release|x86.Build.0 = Release|Win32
		{91BE647C-9264-44BB-9933-9E62A1450009}.Debug|x64.ActiveCfg = Debug|x64
		{91BE647C-9264-44BB-9933-9E62A1450009}.Debug|x64.Build.0 = Debug|x64
		{91BE647C-9264-44BB-9933-9E62A1450009}.Debug|x86.ActiveCfg = Debug|Win32
		{91BE647C-9264-44BB-9933-9E62A1450009}.Debug|x86.Build.0 = Debug|Win32
		{91BE647C-9264-44BB-9933-9E62A1450009}.Release|x64.ActiveCfg = Release|x64
		{91BE647C-9264-44BB-9933-9E62A1450009}.Release|x64.Build.0 = Release|x64
		{91BE647C-9264-44BB-9933-9E62A1450009}.Release|x86.ActiveCfg = Release|Win32
		{91BE647C-9264-44BB-9933-9E62A1450009}.Release|x86.Build.0 = Release|Win32
		{FB975677-E4AD-4B73-AD3D-1E6DDD0F0931}.Debug|x64.ActiveCfg = Debug|x64
		{FB975677-E4AD-4B73-AD3D-1E6DDD0F0931}.Debug|x64.Build.0 = Debug|x64
		{FB975677-E4AD-4B73-AD3D-1E6DDD0F0931}.Debug|x86.ActiveCfg = Debug|Win32
		{FB975677-E4AD-4B73-AD3D-1E6DDD0F0931}.Debug|x86.Build.0 = Debug|Win32
		{FB975677-E4AD-4B73-AD3D-1E6DDD0F0931}.Release|x64.ActiveCfg = Release|x64
		{FB975677-E4AD-4B73-AD3D-1E6DDD0F0931}.Release|x64.Build.0 = Release|x64
		{FB975677-E4AD-4B73-AD3D-1E6DDD0F0931}.Release|x86.ActiveCfg = Release|Win32
		{FB975677-E4AD-4B73-AD3D-1E6DDD0F0931}.Release|x86.Build.0 = Release|Win32
		{C3923435-746C-434D-A26C-8B659D002D33}.Debug|x64.ActiveCfg = Debug|x64
		{C3923435-746C-434D-A26C-8B659D002D33}.Debug|x64.Build.0 = Debug|x64
		{C3923435-746C-434D-A26C-8B659D002D33}.Debug|x86.ActiveCfg = Debug|Win32
		{C3923435-746C-434D-A26C-8B659D002D33}.Debug|x86.Build.0 = Debug|Win32
		{C3923435-746C-434D-A26C-8B659D002D33}.Release|x64.ActiveCfg = Release|x64
		{C3923435-746C-434D-A26C-8B659D002D33}.Release|x64.Build.0 = Release|x64
		{C3923435-746C-434D-A26C-8B659D002D33}.Release|x86.ActiveCfg = Release|Win32
		{C3923435-746C-434D-A26C-8B659D002D33}.Release|x86.Build.0 = Release|Win32
		{B050270E-5ABB-4DD8-9D42-A8875C44EF4A}.Debug|x64.ActiveCfg = Debug|x64
		{B050270E-5ABB-4DD8-9D42-A8875C44EF4A}.Debug|x64.Build.0 = Debug|x64
		{B050270E-5ABB-4DD8-9D42-A8875C44EF4A}.Debug|x86.ActiveCfg = Debug|Win32
		{B050270E-5ABB-4DD8-9D42-A8875C44EF4A}.Debug|x86.Build.0 = Debug|Win32
		{B050270E-5ABB-4DD8-9D42-A8875C44EF4A}.Release|x64.ActiveCfg = Release|x64
		{B050270E-5ABB-4DD8-9D42-A8875C44EF4A}.Release|x64.Build.0 = Release|x64
		{B050270E-5ABB-4DD8-9D42-A8875C44EF4A}.Release|x86.ActiveCfg = Release|Win32
		{B050270E-5ABB-4DD8-9D42-A8875C44EF4A}.Release|x86.Build.0 = Release|Win32
	EndGlobalSection
	GlobalSection(SolutionProperties) = preSolution
		HideSolutionNode = FALSE
	EndGlobalSection
	GlobalSection(ExtensibilityGlobals) = postSolution
		SolutionGuid = {35589D06-F02F-43C7-A77C-B1FEDA2E3206}
	EndGlobalSection
EndGlobal
